
Microsoft Visual Studio Solution File, Format Version 12.00
# Visual Studio Version 17
VisualStudioVersion = 17.9.34616.47
MinimumVisualStudioVersion = 10.0.40219.1
Project("{9A19103F-16F7-4668-BE54-9A1E7A4F7556}") = "Service", "BusinessLogicLayer\Service.csproj", "{C0E5A1C3-C86E-4639-9E24-71709E9A9C8F}"
EndProject
Project("{9A19103F-16F7-4668-BE54-9A1E7A4F7556}") = "Store", "DataAccessLayer\Store.csproj", "{FCF4745A-267E-4E56-98ED-9E5D14087558}"
EndProject
Project("{9A19103F-16F7-4668-BE54-9A1E7A4F7556}") = "Models", "Models\Models.csproj", "{7024E685-3BB1-4306-918D-309ABE91CA87}"
EndProject
Project("{2150E333-8FDC-42A3-9474-1A3956D46DE8}") = "BusinessLogicLayer", "BusinessLogicLayer", "{82A29500-26C7-44E8-91B1-34038D891342}"
EndProject
Project("{2150E333-8FDC-42A3-9474-1A3956D46DE8}") = "DataAccessLayer", "DataAccessLayer", "{2582AF50-61DC-4923-B89C-81BB78C23BFE}"
EndProject
Project("{2150E333-8FDC-42A3-9474-1A3956D46DE8}") = "DataModels", "DataModels", "{FD6E7B33-5067-4B2C-9A86-EEFF98E0A6B2}"
EndProject
Project("{9A19103F-16F7-4668-BE54-9A1E7A4F7556}") = "IService", "IBusinessLogicLayer\IService.csproj", "{8B6210B2-30C5-4F24-A41A-BCC2B5AA7232}"
EndProject
Project("{9A19103F-16F7-4668-BE54-9A1E7A4F7556}") = "IStore", "IDataAccessLayer\IStore.csproj", "{28189807-14E9-430E-96B5-689027DBD8EA}"
EndProject
Project("{FAE04EC0-301F-11D3-BF4B-00C04F79EFBC}") = "ServiceContainer", "ServiceContainer\ServiceContainer.csproj", "{152714A5-4D1F-4089-90BF-88F50A9EA516}"
EndProject
Project("{FAE04EC0-301F-11D3-BF4B-00C04F79EFBC}") = "StoreContainer", "StoreContainer\StoreContainer.csproj", "{187B3DC3-7071-4E36-AF1C-AC9FABB49AE7}"
EndProject
Project("{2150E333-8FDC-42A3-9474-1A3956D46DE8}") = "UILayer", "UILayer", "{CBF6D9D8-B2C3-443D-9600-E148F4F01D99}"
EndProject
Project("{FAE04EC0-301F-11D3-BF4B-00C04F79EFBC}") = "UILayer", "UILayer\UILayer.csproj", "{53586A65-4D27-4ADC-AE2F-C9BCC56D8849}"
EndProject
Global
	GlobalSection(SolutionConfigurationPlatforms) = preSolution
		Debug|Any CPU = Debug|Any CPU
		Release|Any CPU = Release|Any CPU
	EndGlobalSection
	GlobalSection(ProjectConfigurationPlatforms) = postSolution
		{C0E5A1C3-C86E-4639-9E24-71709E9A9C8F}.Debug|Any CPU.ActiveCfg = Debug|Any CPU
		{C0E5A1C3-C86E-4639-9E24-71709E9A9C8F}.Debug|Any CPU.Build.0 = Debug|Any CPU
		{C0E5A1C3-C86E-4639-9E24-71709E9A9C8F}.Release|Any CPU.ActiveCfg = Release|Any CPU
		{C0E5A1C3-C86E-4639-9E24-71709E9A9C8F}.Release|Any CPU.Build.0 = Release|Any CPU
		{FCF4745A-267E-4E56-98ED-9E5D14087558}.Debug|Any CPU.ActiveCfg = Debug|Any CPU
		{FCF4745A-267E-4E56-98ED-9E5D14087558}.Debug|Any CPU.Build.0 = Debug|Any CPU
		{FCF4745A-267E-4E56-98ED-9E5D14087558}.Release|Any CPU.ActiveCfg = Release|Any CPU
		{FCF4745A-267E-4E56-98ED-9E5D14087558}.Release|Any CPU.Build.0 = Release|Any CPU
		{7024E685-3BB1-4306-918D-309ABE91CA87}.Debug|Any CPU.ActiveCfg = Debug|Any CPU
		{7024E685-3BB1-4306-918D-309ABE91CA87}.Debug|Any CPU.Build.0 = Debug|Any CPU
		{7024E685-3BB1-4306-918D-309ABE91CA87}.Release|Any CPU.ActiveCfg = Release|Any CPU
		{7024E685-3BB1-4306-918D-309ABE91CA87}.Release|Any CPU.Build.0 = Release|Any CPU
		{8B6210B2-30C5-4F24-A41A-BCC2B5AA7232}.Debug|Any CPU.ActiveCfg = Debug|Any CPU
		{8B6210B2-30C5-4F24-A41A-BCC2B5AA7232}.Debug|Any CPU.Build.0 = Debug|Any CPU
		{8B6210B2-30C5-4F24-A41A-BCC2B5AA7232}.Release|Any CPU.ActiveCfg = Release|Any CPU
		{8B6210B2-30C5-4F24-A41A-BCC2B5AA7232}.Release|Any CPU.Build.0 = Release|Any CPU
		{28189807-14E9-430E-96B5-689027DBD8EA}.Debug|Any CPU.ActiveCfg = Debug|Any CPU
		{28189807-14E9-430E-96B5-689027DBD8EA}.Debug|Any CPU.Build.0 = Debug|Any CPU
		{28189807-14E9-430E-96B5-689027DBD8EA}.Release|Any CPU.ActiveCfg = Release|Any CPU
		{28189807-14E9-430E-96B5-689027DBD8EA}.Release|Any CPU.Build.0 = Release|Any CPU
		{152714A5-4D1F-4089-90BF-88F50A9EA516}.Debug|Any CPU.ActiveCfg = Debug|Any CPU
		{152714A5-4D1F-4089-90BF-88F50A9EA516}.Debug|Any CPU.Build.0 = Debug|Any CPU
		{152714A5-4D1F-4089-90BF-88F50A9EA516}.Release|Any CPU.ActiveCfg = Release|Any CPU
		{152714A5-4D1F-4089-90BF-88F50A9EA516}.Release|Any CPU.Build.0 = Release|Any CPU
		{187B3DC3-7071-4E36-AF1C-AC9FABB49AE7}.Debug|Any CPU.ActiveCfg = Debug|Any CPU
		{187B3DC3-7071-4E36-AF1C-AC9FABB49AE7}.Debug|Any CPU.Build.0 = Debug|Any CPU
		{187B3DC3-7071-4E36-AF1C-AC9FABB49AE7}.Release|Any CPU.ActiveCfg = Release|Any CPU
		{187B3DC3-7071-4E36-AF1C-AC9FABB49AE7}.Release|Any CPU.Build.0 = Release|Any CPU
		{53586A65-4D27-4ADC-AE2F-C9BCC56D8849}.Debug|Any CPU.ActiveCfg = Debug|Any CPU
		{53586A65-4D27-4ADC-AE2F-C9BCC56D8849}.Debug|Any CPU.Build.0 = Debug|Any CPU
		{53586A65-4D27-4ADC-AE2F-C9BCC56D8849}.Release|Any CPU.ActiveCfg = Release|Any CPU
		{53586A65-4D27-4ADC-AE2F-C9BCC56D8849}.Release|Any CPU.Build.0 = Release|Any CPU
	EndGlobalSection
	GlobalSection(SolutionProperties) = preSolution
		HideSolutionNode = FALSE
	EndGlobalSection
	GlobalSection(NestedProjects) = preSolution
		{C0E5A1C3-C86E-4639-9E24-71709E9A9C8F} = {82A29500-26C7-44E8-91B1-34038D891342}
		{FCF4745A-267E-4E56-98ED-9E5D14087558} = {2582AF50-61DC-4923-B89C-81BB78C23BFE}
		{7024E685-3BB1-4306-918D-309ABE91CA87} = {FD6E7B33-5067-4B2C-9A86-EEFF98E0A6B2}
		{8B6210B2-30C5-4F24-A41A-BCC2B5AA7232} = {82A29500-26C7-44E8-91B1-34038D891342}
		{28189807-14E9-430E-96B5-689027DBD8EA} = {2582AF50-61DC-4923-B89C-81BB78C23BFE}
		{152714A5-4D1F-4089-90BF-88F50A9EA516} = {82A29500-26C7-44E8-91B1-34038D891342}
		{187B3DC3-7071-4E36-AF1C-AC9FABB49AE7} = {2582AF50-61DC-4923-B89C-81BB78C23BFE}
		{53586A65-4D27-4ADC-AE2F-C9BCC56D8849} = {CBF6D9D8-B2C3-443D-9600-E148F4F01D99}
	EndGlobalSection
	GlobalSection(ExtensibilityGlobals) = postSolution
		SolutionGuid = {9517D294-7CB9-401E-A393-376E12F28E1B}
	EndGlobalSection
EndGlobal
